
Microsoft Visual Studio Solution File, Format Version 12.00
# Visual Studio Version 17
VisualStudioVersion = 17.4.33213.308
MinimumVisualStudioVersion = 10.0.40219.1
Project("{9A19103F-16F7-4668-BE54-9A1E7A4F7556}") = "P01_StudentSystem", "P01_StudentSystem\P01_StudentSystem.csproj", "{ABA7B4C5-4EDA-4E02-A5AB-BE51D6D0FF8C}"
EndProject
Project("{9A19103F-16F7-4668-BE54-9A1E7A4F7556}") = "P03_FootballBetting", "P03_FootballBetting\P03_FootballBetting.csproj", "{888F2F3A-64A8-4AAA-A5B8-9096CE65611A}"
EndProject
Project("{9A19103F-16F7-4668-BE54-9A1E7A4F7556}") = "P03_FootballBetting.Data", "P03_FootballBetting.Data\P03_FootballBetting.Data.csproj", "{1B3B400E-54E0-423D-981F-DEAD6699C776}"
EndProject
Project("{9A19103F-16F7-4668-BE54-9A1E7A4F7556}") = "P03_FootballBetting.Data.Models", "P03_FootballBetting.Data.Models\P03_FootballBetting.Data.Models.csproj", "{A96BF109-3E24-432C-A592-74A023B568C4}"
EndProject
Global
	GlobalSection(SolutionConfigurationPlatforms) = preSolution
		Debug|Any CPU = Debug|Any CPU
		Release|Any CPU = Release|Any CPU
	EndGlobalSection
	GlobalSection(ProjectConfigurationPlatforms) = postSolution
		{ABA7B4C5-4EDA-4E02-A5AB-BE51D6D0FF8C}.Debug|Any CPU.ActiveCfg = Debug|Any CPU
		{ABA7B4C5-4EDA-4E02-A5AB-BE51D6D0FF8C}.Debug|Any CPU.Build.0 = Debug|Any CPU
		{ABA7B4C5-4EDA-4E02-A5AB-BE51D6D0FF8C}.Release|Any CPU.ActiveCfg = Release|Any CPU
		{ABA7B4C5-4EDA-4E02-A5AB-BE51D6D0FF8C}.Release|Any CPU.Build.0 = Release|Any CPU
		{888F2F3A-64A8-4AAA-A5B8-9096CE65611A}.Debug|Any CPU.ActiveCfg = Debug|Any CPU
		{888F2F3A-64A8-4AAA-A5B8-9096CE65611A}.Debug|Any CPU.Build.0 = Debug|Any CPU
		{888F2F3A-64A8-4AAA-A5B8-9096CE65611A}.Release|Any CPU.ActiveCfg = Release|Any CPU
		{888F2F3A-64A8-4AAA-A5B8-9096CE65611A}.Release|Any CPU.Build.0 = Release|Any CPU
		{1B3B400E-54E0-423D-981F-DEAD6699C776}.Debug|Any CPU.ActiveCfg = Debug|Any CPU
		{1B3B400E-54E0-423D-981F-DEAD6699C776}.Debug|Any CPU.Build.0 = Debug|Any CPU
		{1B3B400E-54E0-423D-981F-DEAD6699C776}.Release|Any CPU.ActiveCfg = Release|Any CPU
		{1B3B400E-54E0-423D-981F-DEAD6699C776}.Release|Any CPU.Build.0 = Release|Any CPU
		{A96BF109-3E24-432C-A592-74A023B568C4}.Debug|Any CPU.ActiveCfg = Debug|Any CPU
		{A96BF109-3E24-432C-A592-74A023B568C4}.Debug|Any CPU.Build.0 = Debug|Any CPU
		{A96BF109-3E24-432C-A592-74A023B568C4}.Release|Any CPU.ActiveCfg = Release|Any CPU
		{A96BF109-3E24-432C-A592-74A023B568C4}.Release|Any CPU.Build.0 = Release|Any CPU
	EndGlobalSection
	GlobalSection(SolutionProperties) = preSolution
		HideSolutionNode = FALSE
	EndGlobalSection
	GlobalSection(ExtensibilityGlobals) = postSolution
		SolutionGuid = {324508C7-61AA-4FA5-A3D8-87B5FC75EE20}
	EndGlobalSection
EndGlobal
