
Microsoft Visual Studio Solution File, Format Version 12.00
# Visual Studio Version 17
VisualStudioVersion = 17.4.33213.308
MinimumVisualStudioVersion = 10.0.40219.1
Project("{FAE04EC0-301F-11D3-BF4B-00C04F79EFBC}") = "SoftUni", "SoftUni.csproj", "{D0276F95-DFB0-4F76-A6D9-F54A5FB339D3}"
EndProject
Global
	GlobalSection(SolutionConfigurationPlatforms) = preSolution
		Debug|Any CPU = Debug|Any CPU
		Release|Any CPU = Release|Any CPU
	EndGlobalSection
	GlobalSection(ProjectConfigurationPlatforms) = postSolution
		{D0276F95-DFB0-4F76-A6D9-F54A5FB339D3}.Debug|Any CPU.ActiveCfg = Debug|Any CPU
		{D0276F95-DFB0-4F76-A6D9-F54A5FB339D3}.Debug|Any CPU.Build.0 = Debug|Any CPU
		{D0276F95-DFB0-4F76-A6D9-F54A5FB339D3}.Release|Any CPU.ActiveCfg = Release|Any CPU
		{D0276F95-DFB0-4F76-A6D9-F54A5FB339D3}.Release|Any CPU.Build.0 = Release|Any CPU
	EndGlobalSection
	GlobalSection(SolutionProperties) = preSolution
		HideSolutionNode = FALSE
	EndGlobalSection
	GlobalSection(ExtensibilityGlobals) = postSolution
		SolutionGuid = {A0744D17-E896-4E64-87E5-804F6B60A1EF}
	EndGlobalSection
EndGlobal
