
Microsoft Visual Studio Solution File, Format Version 12.00
# Visual Studio Version 17
VisualStudioVersion = 17.4.33213.308
MinimumVisualStudioVersion = 10.0.40219.1
Project("{FAE04EC0-301F-11D3-BF4B-00C04F79EFBC}") = "ProductsShop", "ProductsShop.csproj", "{C8F95160-3636-49B1-A828-21307D05D3F5}"
EndProject
Global
	GlobalSection(SolutionConfigurationPlatforms) = preSolution
		Debug|Any CPU = Debug|Any CPU
		Release|Any CPU = Release|Any CPU
	EndGlobalSection
	GlobalSection(ProjectConfigurationPlatforms) = postSolution
		{C8F95160-3636-49B1-A828-21307D05D3F5}.Debug|Any CPU.ActiveCfg = Debug|Any CPU
		{C8F95160-3636-49B1-A828-21307D05D3F5}.Debug|Any CPU.Build.0 = Debug|Any CPU
		{C8F95160-3636-49B1-A828-21307D05D3F5}.Release|Any CPU.ActiveCfg = Release|Any CPU
		{C8F95160-3636-49B1-A828-21307D05D3F5}.Release|Any CPU.Build.0 = Release|Any CPU
	EndGlobalSection
	GlobalSection(SolutionProperties) = preSolution
		HideSolutionNode = FALSE
	EndGlobalSection
	GlobalSection(ExtensibilityGlobals) = postSolution
		SolutionGuid = {D0EE8013-AC1D-4C32-A458-A5B8874A4DD3}
	EndGlobalSection
EndGlobal
